<?xml version="1.0" encoding="utf-8"?>
<Project ToolsVersion="4.0" xmlns="http://schemas.microsoft.com/developer/msbuild/2003">
  <ItemGroup>
    <Filter Include="Source Files">
      <UniqueIdentifier>{4FC737F1-C7A5-4376-A066-2A32D752A2FF}</UniqueIdentifier>
      <Extensions>cpp;c;cc;cxx;def;odl;idl;hpj;bat;asm;asmx</Extensions>
    </Filter>
    <Filter Include="Resource Files">
      <UniqueIdentifier>{67DA6AB6-F800-4c08-8B7A-83BB121AAD01}</UniqueIdentifier>
      <Extensions>rc;ico;cur;bmp;dlg;rc2;rct;bin;rgs;gif;jpg;jpeg;jpe;resx;tiff;tif;png;wav;mfcribbon-ms</Extensions>
    </Filter>
    <Filter Include="Source Files\BoxesCollection">
      <UniqueIdentifier>{436b810b-3668-4f5d-8cd9-4cfa3d53f5ca}</UniqueIdentifier>
    </Filter>
    <Filter Include="Source Files\Unicode">
      <UniqueIdentifier>{25d5cd0b-419f-431c-aadd-76f8d43699a9}</UniqueIdentifier>
    </Filter>
  </ItemGroup>
  <ItemGroup>
    <Text Include="ReadMe.txt" />
  </ItemGroup>
  <ItemGroup>
    <ClInclude Include="BoxesCollection.h">
      <Filter>Source Files\BoxesCollection</Filter>
    </ClInclude>
  </ItemGroup>
  <ItemGroup>
    <ClCompile Include="BoxOrganizer.cpp">
      <Filter>Source Files</Filter>
    </ClCompile>
    <ClCompile Include="BoxesCollection.cpp">
      <Filter>Source Files\BoxesCollection</Filter>
    </ClCompile>
  </ItemGroup>
</Project>